
Microsoft Visual Studio Solution File, Format Version 12.00
# Visual Studio Version 17
VisualStudioVersion = 17.6.33815.320
MinimumVisualStudioVersion = 10.0.40219.1
Project("{FAE04EC0-301F-11D3-BF4B-00C04F79EFBC}") = "AppEje3_1.Android", "AppEje3_1.Android\AppEje3_1.Android.csproj", "{E6018FCE-9A01-4620-B843-287E4E794E0C}"
EndProject
Project("{FAE04EC0-301F-11D3-BF4B-00C04F79EFBC}") = "AppEje3_1", "AppEje3_1\AppEje3_1.csproj", "{3A40E7CE-2321-4A6D-950E-7F171235D4B9}"
EndProject
Global
	GlobalSection(SolutionConfigurationPlatforms) = preSolution
		Debug|Any CPU = Debug|Any CPU
		Release|Any CPU = Release|Any CPU
	EndGlobalSection
	GlobalSection(ProjectConfigurationPlatforms) = postSolution
		{E6018FCE-9A01-4620-B843-287E4E794E0C}.Debug|Any CPU.ActiveCfg = Debug|Any CPU
		{E6018FCE-9A01-4620-B843-287E4E794E0C}.Debug|Any CPU.Build.0 = Debug|Any CPU
		{E6018FCE-9A01-4620-B843-287E4E794E0C}.Debug|Any CPU.Deploy.0 = Debug|Any CPU
		{E6018FCE-9A01-4620-B843-287E4E794E0C}.Release|Any CPU.ActiveCfg = Release|Any CPU
		{E6018FCE-9A01-4620-B843-287E4E794E0C}.Release|Any CPU.Build.0 = Release|Any CPU
		{E6018FCE-9A01-4620-B843-287E4E794E0C}.Release|Any CPU.Deploy.0 = Release|Any CPU
		{3A40E7CE-2321-4A6D-950E-7F171235D4B9}.Debug|Any CPU.ActiveCfg = Debug|Any CPU
		{3A40E7CE-2321-4A6D-950E-7F171235D4B9}.Debug|Any CPU.Build.0 = Debug|Any CPU
		{3A40E7CE-2321-4A6D-950E-7F171235D4B9}.Debug|Any CPU.Deploy.0 = Debug|Any CPU
		{3A40E7CE-2321-4A6D-950E-7F171235D4B9}.Release|Any CPU.ActiveCfg = Release|Any CPU
		{3A40E7CE-2321-4A6D-950E-7F171235D4B9}.Release|Any CPU.Build.0 = Release|Any CPU
		{3A40E7CE-2321-4A6D-950E-7F171235D4B9}.Release|Any CPU.Deploy.0 = Release|Any CPU
	EndGlobalSection
	GlobalSection(SolutionProperties) = preSolution
		HideSolutionNode = FALSE
	EndGlobalSection
	GlobalSection(ExtensibilityGlobals) = postSolution
		SolutionGuid = {E8A79D9B-F355-423D-93EE-A9CE8D3247E7}
	EndGlobalSection
EndGlobal
